// !$*UTF8*$!
{
	archiveVersion = 1;
	classes = {
	};
	objectVersion = 50;
	objects = {

/* Begin PBXBuildFile section */
		BF68F12A235717D900999C41 /* AppDelegate.swift in Sources */ = {isa = PBXBuildFile; fileRef = BF68F129235717D900999C41 /* AppDelegate.swift */; };
		BF68F12F235717D900999C41 /* Main.storyboard in Resources */ = {isa = PBXBuildFile; fileRef = BF68F12D235717D900999C41 /* Main.storyboard */; };
		BF68F131235717DA00999C41 /* Assets.xcassets in Resources */ = {isa = PBXBuildFile; fileRef = BF68F130235717DA00999C41 /* Assets.xcassets */; };
		BF68F134235717DA00999C41 /* LaunchScreen.storyboard in Resources */ = {isa = PBXBuildFile; fileRef = BF68F132235717DA00999C41 /* LaunchScreen.storyboard */; };
		BF68F13C235719C300999C41 /* MovieTableViewController.swift in Sources */ = {isa = PBXBuildFile; fileRef = BF68F13B235719C300999C41 /* MovieTableViewController.swift */; };
		BF68F14023571A8000999C41 /* MovieCell.swift in Sources */ = {isa = PBXBuildFile; fileRef = BF68F13F23571A8000999C41 /* MovieCell.swift */; };
		BF68F14323571DDF00999C41 /* Movie.swift in Sources */ = {isa = PBXBuildFile; fileRef = BF68F14223571DDF00999C41 /* Movie.swift */; };
		BF68F14623571E1B00999C41 /* MovieViewModel.swift in Sources */ = {isa = PBXBuildFile; fileRef = BF68F14523571E1B00999C41 /* MovieViewModel.swift */; };
		BF68F1492357215600999C41 /* WebServiceManager.swift in Sources */ = {isa = PBXBuildFile; fileRef = BF68F1482357215600999C41 /* WebServiceManager.swift */; };
		BF68F14B2357218400999C41 /* Reachability.swift in Sources */ = {isa = PBXBuildFile; fileRef = BF68F14A2357218400999C41 /* Reachability.swift */; };
		BF68F14F235724EB00999C41 /* Extensions.swift in Sources */ = {isa = PBXBuildFile; fileRef = BF68F14E235724EB00999C41 /* Extensions.swift */; };
		BF68F15323572B6C00999C41 /* Alamofire.framework in Frameworks */ = {isa = PBXBuildFile; fileRef = BF68F15123572B6C00999C41 /* Alamofire.framework */; };
		BF68F15423572B6C00999C41 /* SwiftyJSON.framework in Frameworks */ = {isa = PBXBuildFile; fileRef = BF68F15223572B6C00999C41 /* SwiftyJSON.framework */; };
		BF68F15923573C4B00999C41 /* DataLoadOperation.swift in Sources */ = {isa = PBXBuildFile; fileRef = BF68F15823573C4B00999C41 /* DataLoadOperation.swift */; };
/* End PBXBuildFile section */

/* Begin PBXFileReference section */
		BF68F126235717D900999C41 /* MovieFetcherMVVM.app */ = {isa = PBXFileReference; explicitFileType = wrapper.application; includeInIndex = 0; path = MovieFetcherMVVM.app; sourceTree = BUILT_PRODUCTS_DIR; };
		BF68F129235717D900999C41 /* AppDelegate.swift */ = {isa = PBXFileReference; lastKnownFileType = sourcecode.swift; path = AppDelegate.swift; sourceTree = "<group>"; };
		BF68F12E235717D900999C41 /* Base */ = {isa = PBXFileReference; lastKnownFileType = file.storyboard; name = Base; path = Base.lproj/Main.storyboard; sourceTree = "<group>"; };
		BF68F130235717DA00999C41 /* Assets.xcassets */ = {isa = PBXFileReference; lastKnownFileType = folder.assetcatalog; path = Assets.xcassets; sourceTree = "<group>"; };
		BF68F133235717DA00999C41 /* Base */ = {isa = PBXFileReference; lastKnownFileType = file.storyboard; name = Base; path = Base.lproj/LaunchScreen.storyboard; sourceTree = "<group>"; };
		BF68F135235717DA00999C41 /* Info.plist */ = {isa = PBXFileReference; lastKnownFileType = text.plist.xml; path = Info.plist; sourceTree = "<group>"; };
		BF68F13B235719C300999C41 /* MovieTableViewController.swift */ = {isa = PBXFileReference; lastKnownFileType = sourcecode.swift; path = MovieTableViewController.swift; sourceTree = "<group>"; };
		BF68F13F23571A8000999C41 /* MovieCell.swift */ = {isa = PBXFileReference; lastKnownFileType = sourcecode.swift; path = MovieCell.swift; sourceTree = "<group>"; };
		BF68F14223571DDF00999C41 /* Movie.swift */ = {isa = PBXFileReference; lastKnownFileType = sourcecode.swift; path = Movie.swift; sourceTree = "<group>"; };
		BF68F14523571E1B00999C41 /* MovieViewModel.swift */ = {isa = PBXFileReference; lastKnownFileType = sourcecode.swift; path = MovieViewModel.swift; sourceTree = "<group>"; };
		BF68F1482357215600999C41 /* WebServiceManager.swift */ = {isa = PBXFileReference; lastKnownFileType = sourcecode.swift; path = WebServiceManager.swift; sourceTree = "<group>"; };
		BF68F14A2357218400999C41 /* Reachability.swift */ = {isa = PBXFileReference; lastKnownFileType = sourcecode.swift; path = Reachability.swift; sourceTree = "<group>"; };
		BF68F14E235724EB00999C41 /* Extensions.swift */ = {isa = PBXFileReference; lastKnownFileType = sourcecode.swift; path = Extensions.swift; sourceTree = "<group>"; };
		BF68F15123572B6C00999C41 /* Alamofire.framework */ = {isa = PBXFileReference; lastKnownFileType = wrapper.framework; name = Alamofire.framework; path = Carthage/Build/iOS/Alamofire.framework; sourceTree = "<group>"; };
		BF68F15223572B6C00999C41 /* SwiftyJSON.framework */ = {isa = PBXFileReference; lastKnownFileType = wrapper.framework; name = SwiftyJSON.framework; path = Carthage/Build/iOS/SwiftyJSON.framework; sourceTree = "<group>"; };
		BF68F15823573C4B00999C41 /* DataLoadOperation.swift */ = {isa = PBXFileReference; lastKnownFileType = sourcecode.swift; path = DataLoadOperation.swift; sourceTree = "<group>"; };
/* End PBXFileReference section */

/* Begin PBXFrameworksBuildPhase section */
		BF68F123235717D900999C41 /* Frameworks */ = {
			isa = PBXFrameworksBuildPhase;
			buildActionMask = 2147483647;
			files = (
				BF68F15323572B6C00999C41 /* Alamofire.framework in Frameworks */,
				BF68F15423572B6C00999C41 /* SwiftyJSON.framework in Frameworks */,
			);
			runOnlyForDeploymentPostprocessing = 0;
		};
/* End PBXFrameworksBuildPhase section */

/* Begin PBXGroup section */
		BF68F11D235717D900999C41 = {
			isa = PBXGroup;
			children = (
				BF68F128235717D900999C41 /* MovieFetcherMVVM */,
				BF68F15023572B6C00999C41 /* Frameworks */,
			);
			sourceTree = "<group>";
		};
		BF68F127235717D900999C41 /* Products */ = {
			isa = PBXGroup;
			children = (
				BF68F126235717D900999C41 /* MovieFetcherMVVM.app */,
			);
			name = Products;
			path = ../..;
			sourceTree = "<group>";
		};
		BF68F128235717D900999C41 /* MovieFetcherMVVM */ = {
			isa = PBXGroup;
			children = (
				BF68F1472357214300999C41 /* Service */,
				BF68F14423571E0A00999C41 /* ViewModel */,
				BF68F129235717D900999C41 /* AppDelegate.swift */,
				BF68F12D235717D900999C41 /* Main.storyboard */,
				BF68F130235717DA00999C41 /* Assets.xcassets */,
				BF68F132235717DA00999C41 /* LaunchScreen.storyboard */,
				BF68F135235717DA00999C41 /* Info.plist */,
				BF68F14123571DCA00999C41 /* Model */,
				BF68F13E23571A5900999C41 /* View */,
				BF68F13D235719F500999C41 /* Controller */,
			);
			path = MovieFetcherMVVM;
			sourceTree = "<group>";
		};
		BF68F13D235719F500999C41 /* Controller */ = {
			isa = PBXGroup;
			children = (
				BF68F13B235719C300999C41 /* MovieTableViewController.swift */,
				BF68F127235717D900999C41 /* Products */,
			);
			path = Controller;
			sourceTree = "<group>";
		};
		BF68F13E23571A5900999C41 /* View */ = {
			isa = PBXGroup;
			children = (
				BF68F13F23571A8000999C41 /* MovieCell.swift */,
			);
			path = View;
			sourceTree = "<group>";
		};
		BF68F14123571DCA00999C41 /* Model */ = {
			isa = PBXGroup;
			children = (
				BF68F14223571DDF00999C41 /* Movie.swift */,
			);
			path = Model;
			sourceTree = "<group>";
		};
		BF68F14423571E0A00999C41 /* ViewModel */ = {
			isa = PBXGroup;
			children = (
				BF68F14523571E1B00999C41 /* MovieViewModel.swift */,
			);
			path = ViewModel;
			sourceTree = "<group>";
		};
		BF68F1472357214300999C41 /* Service */ = {
			isa = PBXGroup;
			children = (
				BF68F1482357215600999C41 /* WebServiceManager.swift */,
				BF68F14A2357218400999C41 /* Reachability.swift */,
				BF68F14E235724EB00999C41 /* Extensions.swift */,
				BF68F15823573C4B00999C41 /* DataLoadOperation.swift */,
			);
			path = Service;
			sourceTree = "<group>";
		};
		BF68F15023572B6C00999C41 /* Frameworks */ = {
			isa = PBXGroup;
			children = (
				BF68F15123572B6C00999C41 /* Alamofire.framework */,
				BF68F15223572B6C00999C41 /* SwiftyJSON.framework */,
			);
			name = Frameworks;
			sourceTree = "<group>";
		};
/* End PBXGroup section */

/* Begin PBXNativeTarget section */
		BF68F125235717D900999C41 /* MovieFetcherMVVM */ = {
			isa = PBXNativeTarget;
			buildConfigurationList = BF68F138235717DA00999C41 /* Build configuration list for PBXNativeTarget "MovieFetcherMVVM" */;
			buildPhases = (
				BF68F122235717D900999C41 /* Sources */,
				BF68F123235717D900999C41 /* Frameworks */,
				BF68F124235717D900999C41 /* Resources */,
				BF68F15523572B7300999C41 /* ShellScript */,
			);
			buildRules = (
			);
			dependencies = (
			);
			name = MovieFetcherMVVM;
			productName = MovieFetcherMVVM;
			productReference = BF68F126235717D900999C41 /* MovieFetcherMVVM.app */;
			productType = "com.apple.product-type.application";
		};
/* End PBXNativeTarget section */

/* Begin PBXProject section */
		BF68F11E235717D900999C41 /* Project object */ = {
			isa = PBXProject;
			attributes = {
				LastSwiftUpdateCheck = 1020;
				LastUpgradeCheck = 1020;
				ORGANIZATIONNAME = "Yawei Liu";
				TargetAttributes = {
					BF68F125235717D900999C41 = {
						CreatedOnToolsVersion = 10.2.1;
					};
				};
			};
			buildConfigurationList = BF68F121235717D900999C41 /* Build configuration list for PBXProject "MovieFetcherMVVM" */;
			compatibilityVersion = "Xcode 9.3";
			developmentRegion = en;
			hasScannedForEncodings = 0;
			knownRegions = (
				en,
				Base,
			);
			mainGroup = BF68F11D235717D900999C41;
			productRefGroup = BF68F127235717D900999C41 /* Products */;
			projectDirPath = "";
			projectRoot = "";
			targets = (
				BF68F125235717D900999C41 /* MovieFetcherMVVM */,
			);
		};
/* End PBXProject section */

/* Begin PBXResourcesBuildPhase section */
		BF68F124235717D900999C41 /* Resources */ = {
			isa = PBXResourcesBuildPhase;
			buildActionMask = 2147483647;
			files = (
				BF68F134235717DA00999C41 /* LaunchScreen.storyboard in Resources */,
				BF68F131235717DA00999C41 /* Assets.xcassets in Resources */,
				BF68F12F235717D900999C41 /* Main.storyboard in Resources */,
			);
			runOnlyForDeploymentPostprocessing = 0;
		};
/* End PBXResourcesBuildPhase section */

/* Begin PBXShellScriptBuildPhase section */
		BF68F15523572B7300999C41 /* ShellScript */ = {
			isa = PBXShellScriptBuildPhase;
			buildActionMask = 2147483647;
			files = (
			);
			inputFileListPaths = (
			);
			inputPaths = (
				"$(SRCROOT)/Carthage/Build/iOS/SwiftyJSON.framework",
				"$(SRCROOT)/Carthage/Build/iOS/Alamofire.framework",
			);
			outputFileListPaths = (
			);
			outputPaths = (
			);
			runOnlyForDeploymentPostprocessing = 0;
			shellPath = /bin/sh;
			shellScript = "# Type a script or drag a script file from your workspace to insert its path.\n/usr/local/bin/carthage copy-frameworks\n";
		};
/* End PBXShellScriptBuildPhase section */

/* Begin PBXSourcesBuildPhase section */
		BF68F122235717D900999C41 /* Sources */ = {
			isa = PBXSourcesBuildPhase;
			buildActionMask = 2147483647;
			files = (
				BF68F14B2357218400999C41 /* Reachability.swift in Sources */,
				BF68F14F235724EB00999C41 /* Extensions.swift in Sources */,
				BF68F13C235719C300999C41 /* MovieTableViewController.swift in Sources */,
				BF68F14623571E1B00999C41 /* MovieViewModel.swift in Sources */,
				BF68F1492357215600999C41 /* WebServiceManager.swift in Sources */,
				BF68F12A235717D900999C41 /* AppDelegate.swift in Sources */,
				BF68F14323571DDF00999C41 /* Movie.swift in Sources */,
				BF68F14023571A8000999C41 /* MovieCell.swift in Sources */,
				BF68F15923573C4B00999C41 /* DataLoadOperation.swift in Sources */,
			);
			runOnlyForDeploymentPostprocessing = 0;
		};
/* End PBXSourcesBuildPhase section */

/* Begin PBXVariantGroup section */
		BF68F12D235717D900999C41 /* Main.storyboard */ = {
			isa = PBXVariantGroup;
			children = (
				BF68F12E235717D900999C41 /* Base */,
			);
			name = Main.storyboard;
			sourceTree = "<group>";
		};
		BF68F132235717DA00999C41 /* LaunchScreen.storyboard */ = {
			isa = PBXVariantGroup;
			children = (
				BF68F133235717DA00999C41 /* Base */,
			);
			name = LaunchScreen.storyboard;
			sourceTree = "<group>";
		};
/* End PBXVariantGroup section */

/* Begin XCBuildConfiguration section */
		BF68F136235717DA00999C41 /* Debug */ = {
			isa = XCBuildConfiguration;
			buildSettings = {
				ALWAYS_SEARCH_USER_PATHS = NO;
				CLANG_ANALYZER_NONNULL = YES;
				CLANG_ANALYZER_NUMBER_OBJECT_CONVERSION = YES_AGGRESSIVE;
				CLANG_CXX_LANGUAGE_STANDARD = "gnu++14";
				CLANG_CXX_LIBRARY = "libc++";
				CLANG_ENABLE_MODULES = YES;
				CLANG_ENABLE_OBJC_ARC = YES;
				CLANG_ENABLE_OBJC_WEAK = YES;
				CLANG_WARN_BLOCK_CAPTURE_AUTORELEASING = YES;
				CLANG_WARN_BOOL_CONVERSION = YES;
				CLANG_WARN_COMMA = YES;
				CLANG_WARN_CONSTANT_CONVERSION = YES;
				CLANG_WARN_DEPRECATED_OBJC_IMPLEMENTATIONS = YES;
				CLANG_WARN_DIRECT_OBJC_ISA_USAGE = YES_ERROR;
				CLANG_WARN_DOCUMENTATION_COMMENTS = YES;
				CLANG_WARN_EMPTY_BODY = YES;
				CLANG_WARN_ENUM_CONVERSION = YES;
				CLANG_WARN_INFINITE_RECURSION = YES;
				CLANG_WARN_INT_CONVERSION = YES;
				CLANG_WARN_NON_LITERAL_NULL_CONVERSION = YES;
				CLANG_WARN_OBJC_IMPLICIT_RETAIN_SELF = YES;
				CLANG_WARN_OBJC_LITERAL_CONVERSION = YES;
				CLANG_WARN_OBJC_ROOT_CLASS = YES_ERROR;
				CLANG_WARN_RANGE_LOOP_ANALYSIS = YES;
				CLANG_WARN_STRICT_PROTOTYPES = YES;
				CLANG_WARN_SUSPICIOUS_MOVE = YES;
				CLANG_WARN_UNGUARDED_AVAILABILITY = YES_AGGRESSIVE;
				CLANG_WARN_UNREACHABLE_CODE = YES;
				CLANG_WARN__DUPLICATE_METHOD_MATCH = YES;
				CODE_SIGN_IDENTITY = "iPhone Developer";
				COPY_PHASE_STRIP = NO;
				DEBUG_INFORMATION_FORMAT = dwarf;
				ENABLE_STRICT_OBJC_MSGSEND = YES;
				ENABLE_TESTABILITY = YES;
				GCC_C_LANGUAGE_STANDARD = gnu11;
				GCC_DYNAMIC_NO_PIC = NO;
				GCC_NO_COMMON_BLOCKS = YES;
				GCC_OPTIMIZATION_LEVEL = 0;
				GCC_PREPROCESSOR_DEFINITIONS = (
					"DEBUG=1",
					"$(inherited)",
				);
				GCC_WARN_64_TO_32_BIT_CONVERSION = YES;
				GCC_WARN_ABOUT_RETURN_TYPE = YES_ERROR;
				GCC_WARN_UNDECLARED_SELECTOR = YES;
				GCC_WARN_UNINITIALIZED_AUTOS = YES_AGGRESSIVE;
				GCC_WARN_UNUSED_FUNCTION = YES;
				GCC_WARN_UNUSED_VARIABLE = YES;
				IPHONEOS_DEPLOYMENT_TARGET = 12.2;
				MTL_ENABLE_DEBUG_INFO = INCLUDE_SOURCE;
				MTL_FAST_MATH = YES;
				ONLY_ACTIVE_ARCH = YES;
				SDKROOT = iphoneos;
				SWIFT_ACTIVE_COMPILATION_CONDITIONS = DEBUG;
				SWIFT_OPTIMIZATION_LEVEL = "-Onone";
			};
			name = Debug;
		};
		BF68F137235717DA00999C41 /* Release */ = {
			isa = XCBuildConfiguration;
			buildSettings = {
				ALWAYS_SEARCH_USER_PATHS = NO;
				CLANG_ANALYZER_NONNULL = YES;
				CLANG_ANALYZER_NUMBER_OBJECT_CONVERSION = YES_AGGRESSIVE;
				CLANG_CXX_LANGUAGE_STANDARD = "gnu++14";
				CLANG_CXX_LIBRARY = "libc++";
				CLANG_ENABLE_MODULES = YES;
				CLANG_ENABLE_OBJC_ARC = YES;
				CLANG_ENABLE_OBJC_WEAK = YES;
				CLANG_WARN_BLOCK_CAPTURE_AUTORELEASING = YES;
				CLANG_WARN_BOOL_CONVERSION = YES;
				CLANG_WARN_COMMA = YES;
				CLANG_WARN_CONSTANT_CONVERSION = YES;
				CLANG_WARN_DEPRECATED_OBJC_IMPLEMENTATIONS = YES;
				CLANG_WARN_DIRECT_OBJC_ISA_USAGE = YES_ERROR;
				CLANG_WARN_DOCUMENTATION_COMMENTS = YES;
				CLANG_WARN_EMPTY_BODY = YES;
				CLANG_WARN_ENUM_CONVERSION = YES;
				CLANG_WARN_INFINITE_RECURSION = YES;
				CLANG_WARN_INT_CONVERSION = YES;
				CLANG_WARN_NON_LITERAL_NULL_CONVERSION = YES;
				CLANG_WARN_OBJC_IMPLICIT_RETAIN_SELF = YES;
				CLANG_WARN_OBJC_LITERAL_CONVERSION = YES;
				CLANG_WARN_OBJC_ROOT_CLASS = YES_ERROR;
				CLANG_WARN_RANGE_LOOP_ANALYSIS = YES;
				CLANG_WARN_STRICT_PROTOTYPES = YES;
				CLANG_WARN_SUSPICIOUS_MOVE = YES;
				CLANG_WARN_UNGUARDED_AVAILABILITY = YES_AGGRESSIVE;
				CLANG_WARN_UNREACHABLE_CODE = YES;
				CLANG_WARN__DUPLICATE_METHOD_MATCH = YES;
				CODE_SIGN_IDENTITY = "iPhone Developer";
				COPY_PHASE_STRIP = NO;
				DEBUG_INFORMATION_FORMAT = "dwarf-with-dsym";
				ENABLE_NS_ASSERTIONS = NO;
				ENABLE_STRICT_OBJC_MSGSEND = YES;
				GCC_C_LANGUAGE_STANDARD = gnu11;
				GCC_NO_COMMON_BLOCKS = YES;
				GCC_WARN_64_TO_32_BIT_CONVERSION = YES;
				GCC_WARN_ABOUT_RETURN_TYPE = YES_ERROR;
				GCC_WARN_UNDECLARED_SELECTOR = YES;
				GCC_WARN_UNINITIALIZED_AUTOS = YES_AGGRESSIVE;
				GCC_WARN_UNUSED_FUNCTION = YES;
				GCC_WARN_UNUSED_VARIABLE = YES;
				IPHONEOS_DEPLOYMENT_TARGET = 12.2;
				MTL_ENABLE_DEBUG_INFO = NO;
				MTL_FAST_MATH = YES;
				SDKROOT = iphoneos;
				SWIFT_COMPILATION_MODE = wholemodule;
				SWIFT_OPTIMIZATION_LEVEL = "-O";
				VALIDATE_PRODUCT = YES;
			};
			name = Release;
		};
		BF68F139235717DA00999C41 /* Debug */ = {
			isa = XCBuildConfiguration;
			buildSettings = {
				ASSETCATALOG_COMPILER_APPICON_NAME = AppIcon;
				CODE_SIGN_STYLE = Automatic;
				DEVELOPMENT_TEAM = NHS5CFX24Q;
				FRAMEWORK_SEARCH_PATHS = (
					"$(inherited)",
					"$(PROJECT_DIR)/Carthage/Build/iOS",
				);
				INFOPLIST_FILE = MovieFetcherMVVM/Info.plist;
				LD_RUNPATH_SEARCH_PATHS = (
					"$(inherited)",
					"@executable_path/Frameworks",
				);
				PRODUCT_BUNDLE_IDENTIFIER = "Yawei-Liu.MovieFetcherMVVM";
				PRODUCT_NAME = "$(TARGET_NAME)";
				SWIFT_VERSION = 5.0;
				TARGETED_DEVICE_FAMILY = "1,2";
			};
			name = Debug;
		};
		BF68F13A235717DA00999C41 /* Release */ = {
			isa = XCBuildConfiguration;
			buildSettings = {
				ASSETCATALOG_COMPILER_APPICON_NAME = AppIcon;
				CODE_SIGN_STYLE = Automatic;
				DEVELOPMENT_TEAM = NHS5CFX24Q;
				FRAMEWORK_SEARCH_PATHS = (
					"$(inherited)",
					"$(PROJECT_DIR)/Carthage/Build/iOS",
				);
				INFOPLIST_FILE = MovieFetcherMVVM/Info.plist;
				LD_RUNPATH_SEARCH_PATHS = (
					"$(inherited)",
					"@executable_path/Frameworks",
				);
				PRODUCT_BUNDLE_IDENTIFIER = "Yawei-Liu.MovieFetcherMVVM";
				PRODUCT_NAME = "$(TARGET_NAME)";
				SWIFT_VERSION = 5.0;
				TARGETED_DEVICE_FAMILY = "1,2";
			};
			name = Release;
		};
/* End XCBuildConfiguration section */

/* Begin XCConfigurationList section */
		BF68F121235717D900999C41 /* Build configuration list for PBXProject "MovieFetcherMVVM" */ = {
			isa = XCConfigurationList;
			buildConfigurations = (
				BF68F136235717DA00999C41 /* Debug */,
				BF68F137235717DA00999C41 /* Release */,
			);
			defaultConfigurationIsVisible = 0;
			defaultConfigurationName = Release;
		};
		BF68F138235717DA00999C41 /* Build configuration list for PBXNativeTarget "MovieFetcherMVVM" */ = {
			isa = XCConfigurationList;
			buildConfigurations = (
				BF68F139235717DA00999C41 /* Debug */,
				BF68F13A235717DA00999C41 /* Release */,
			);
			defaultConfigurationIsVisible = 0;
			defaultConfigurationName = Release;
		};
/* End XCConfigurationList section */
	};
	rootObject = BF68F11E235717D900999C41 /* Project object */;
}
